<?xml version="1.0" encoding="utf-8"?>
<Project ToolsVersion="4.0" xmlns="http://schemas.microsoft.com/developer/msbuild/2003">
  <ItemGroup>
    <Filter Include="EntryPoint">
      <UniqueIdentifier>{419769CF-2D4F-AB1C-9656-8478822D460D}</UniqueIdentifier>
    </Filter>
    <Filter Include="Panels">
      <UniqueIdentifier>{A80D95C9-94AF-BF9F-7D6A-D3F369AB46F0}</UniqueIdentifier>
    </Filter>
    <Filter Include="Panels\Console">
      <UniqueIdentifier>{CA4C84E2-B61A-78E8-9FAE-E80E8B1B544D}</UniqueIdentifier>
    </Filter>
    <Filter Include="Panels\Resources">
      <UniqueIdentifier>{126581A5-FE5D-A0F7-2790-857C13E87F03}</UniqueIdentifier>
    </Filter>
    <Filter Include="Panels\SceneProperties">
      <UniqueIdentifier>{D27A1706-BE74-4058-A7E1-D668937AA6C4}</UniqueIdentifier>
    </Filter>
    <Filter Include="Panels\ScriptEditor">
      <UniqueIdentifier>{B3D52C97-1F37-0AA5-A8A4-505714054164}</UniqueIdentifier>
    </Filter>
    <Filter Include="Panels\Viewport">
      <UniqueIdentifier>{D7D55DD9-4361-CB9D-4C72-4E92B87C279E}</UniqueIdentifier>
    </Filter>
    <Filter Include="ShaderToolApplication">
      <UniqueIdentifier>{6E70DC12-DADC-970D-A3D0-2F6B0FFCB975}</UniqueIdentifier>
    </Filter>
  </ItemGroup>
  <ItemGroup>
    <ClInclude Include="src\Panels\Console\Console.h">
      <Filter>Panels\Console</Filter>
    </ClInclude>
    <ClInclude Include="src\Panels\Resources\Resources.h">
      <Filter>Panels\Resources</Filter>
    </ClInclude>
    <ClInclude Include="src\Panels\SceneProperties\SceneProperties.h">
      <Filter>Panels\SceneProperties</Filter>
    </ClInclude>
    <ClInclude Include="src\Panels\ScriptEditor\ScriptEditor.h">
      <Filter>Panels\ScriptEditor</Filter>
    </ClInclude>
    <ClInclude Include="src\Panels\Viewport\Viewport.h">
      <Filter>Panels\Viewport</Filter>
    </ClInclude>
    <ClInclude Include="src\ShaderToolApplication\ShaderToolApplication.h">
      <Filter>ShaderToolApplication</Filter>
    </ClInclude>
    <ClInclude Include="src\Panels\Menus\ShaderCreator\ShaderCreator.h" />
  </ItemGroup>
  <ItemGroup>
    <ClCompile Include="src\EntryPoint\EntryPoint.cpp">
      <Filter>EntryPoint</Filter>
    </ClCompile>
    <ClCompile Include="src\Panels\Console\Console.cpp">
      <Filter>Panels\Console</Filter>
    </ClCompile>
    <ClCompile Include="src\Panels\Resources\Resources.cpp">
      <Filter>Panels\Resources</Filter>
    </ClCompile>
    <ClCompile Include="src\Panels\SceneProperties\SceneProperties.cpp">
      <Filter>Panels\SceneProperties</Filter>
    </ClCompile>
    <ClCompile Include="src\Panels\ScriptEditor\ScriptEditor.cpp">
      <Filter>Panels\ScriptEditor</Filter>
    </ClCompile>
    <ClCompile Include="src\Panels\Viewport\Viewport.cpp">
      <Filter>Panels\Viewport</Filter>
    </ClCompile>
    <ClCompile Include="src\ShaderToolApplication\ShaderToolApplication.cpp">
      <Filter>ShaderToolApplication</Filter>
    </ClCompile>
    <ClCompile Include="src\Panels\Menus\ShaderCreator\ShaderCreator.cpp" />
  </ItemGroup>
</Project>